
Microsoft Visual Studio Solution File, Format Version 12.00
# Visual Studio 15
VisualStudioVersion = 15.0.28307.421
MinimumVisualStudioVersion = 10.0.40219.1
Project("{FAE04EC0-301F-11D3-BF4B-00C04F79EFBC}") = "psw_po_lab3", "psw_po_lab3\psw_po_lab3.csproj", "{D71BBFC3-1D3A-4D26-BC71-812A526F3679}"
EndProject
Global
	GlobalSection(SolutionConfigurationPlatforms) = preSolution
		Debug|Any CPU = Debug|Any CPU
		Release|Any CPU = Release|Any CPU
	EndGlobalSection
	GlobalSection(ProjectConfigurationPlatforms) = postSolution
		{D71BBFC3-1D3A-4D26-BC71-812A526F3679}.Debug|Any CPU.ActiveCfg = Debug|Any CPU
		{D71BBFC3-1D3A-4D26-BC71-812A526F3679}.Debug|Any CPU.Build.0 = Debug|Any CPU
		{D71BBFC3-1D3A-4D26-BC71-812A526F3679}.Release|Any CPU.ActiveCfg = Release|Any CPU
		{D71BBFC3-1D3A-4D26-BC71-812A526F3679}.Release|Any CPU.Build.0 = Release|Any CPU
	EndGlobalSection
	GlobalSection(SolutionProperties) = preSolution
		HideSolutionNode = FALSE
	EndGlobalSection
	GlobalSection(ExtensibilityGlobals) = postSolution
		SolutionGuid = {D9E3E978-5B45-4CAC-8633-C98753635B08}
	EndGlobalSection
EndGlobal
